
Microsoft Visual Studio Solution File, Format Version 12.00
# Visual Studio 14
VisualStudioVersion = 14.0.25420.1
MinimumVisualStudioVersion = 10.0.40219.1
Project("{FAE04EC0-301F-11D3-BF4B-00C04F79EFBC}") = "Whack", "Whack\Whack.csproj", "{DA6E37E9-4588-4E2B-9910-93E726343C67}"
EndProject
Project("{FAE04EC0-301F-11D3-BF4B-00C04F79EFBC}") = "Wintergreen", "..\Wintergreen\Wintergreen.csproj", "{2C62C080-F679-4637-B7C2-14D154290502}"
EndProject
Global
	GlobalSection(SolutionConfigurationPlatforms) = preSolution
		Debug|Any CPU = Debug|Any CPU
		Debug|x86 = Debug|x86
		Release|Any CPU = Release|Any CPU
		Release|x86 = Release|x86
		Unix|Any CPU = Unix|Any CPU
		Unix|x86 = Unix|x86
		Windows|Any CPU = Windows|Any CPU
		Windows|x86 = Windows|x86
	EndGlobalSection
	GlobalSection(ProjectConfigurationPlatforms) = postSolution
		{DA6E37E9-4588-4E2B-9910-93E726343C67}.Debug|Any CPU.ActiveCfg = Debug|x86
		{DA6E37E9-4588-4E2B-9910-93E726343C67}.Debug|x86.ActiveCfg = Debug|x86
		{DA6E37E9-4588-4E2B-9910-93E726343C67}.Debug|x86.Build.0 = Debug|x86
		{DA6E37E9-4588-4E2B-9910-93E726343C67}.Release|Any CPU.ActiveCfg = Release|x86
		{DA6E37E9-4588-4E2B-9910-93E726343C67}.Release|x86.ActiveCfg = Release|x86
		{DA6E37E9-4588-4E2B-9910-93E726343C67}.Release|x86.Build.0 = Release|x86
		{DA6E37E9-4588-4E2B-9910-93E726343C67}.Unix|Any CPU.ActiveCfg = Release|x86
		{DA6E37E9-4588-4E2B-9910-93E726343C67}.Unix|Any CPU.Build.0 = Release|x86
		{DA6E37E9-4588-4E2B-9910-93E726343C67}.Unix|x86.ActiveCfg = Release|x86
		{DA6E37E9-4588-4E2B-9910-93E726343C67}.Unix|x86.Build.0 = Release|x86
		{DA6E37E9-4588-4E2B-9910-93E726343C67}.Windows|Any CPU.ActiveCfg = Release|x86
		{DA6E37E9-4588-4E2B-9910-93E726343C67}.Windows|Any CPU.Build.0 = Release|x86
		{DA6E37E9-4588-4E2B-9910-93E726343C67}.Windows|x86.ActiveCfg = Release|x86
		{DA6E37E9-4588-4E2B-9910-93E726343C67}.Windows|x86.Build.0 = Release|x86
		{2C62C080-F679-4637-B7C2-14D154290502}.Debug|Any CPU.ActiveCfg = Debug|Any CPU
		{2C62C080-F679-4637-B7C2-14D154290502}.Debug|Any CPU.Build.0 = Debug|Any CPU
		{2C62C080-F679-4637-B7C2-14D154290502}.Debug|x86.ActiveCfg = Debug|Any CPU
		{2C62C080-F679-4637-B7C2-14D154290502}.Debug|x86.Build.0 = Debug|Any CPU
		{2C62C080-F679-4637-B7C2-14D154290502}.Release|Any CPU.ActiveCfg = Release|Any CPU
		{2C62C080-F679-4637-B7C2-14D154290502}.Release|Any CPU.Build.0 = Release|Any CPU
		{2C62C080-F679-4637-B7C2-14D154290502}.Release|x86.ActiveCfg = Release|Any CPU
		{2C62C080-F679-4637-B7C2-14D154290502}.Release|x86.Build.0 = Release|Any CPU
		{2C62C080-F679-4637-B7C2-14D154290502}.Unix|Any CPU.ActiveCfg = Unix|Any CPU
		{2C62C080-F679-4637-B7C2-14D154290502}.Unix|Any CPU.Build.0 = Unix|Any CPU
		{2C62C080-F679-4637-B7C2-14D154290502}.Unix|x86.ActiveCfg = Unix|Any CPU
		{2C62C080-F679-4637-B7C2-14D154290502}.Unix|x86.Build.0 = Unix|Any CPU
		{2C62C080-F679-4637-B7C2-14D154290502}.Windows|Any CPU.ActiveCfg = Windows|Any CPU
		{2C62C080-F679-4637-B7C2-14D154290502}.Windows|Any CPU.Build.0 = Windows|Any CPU
		{2C62C080-F679-4637-B7C2-14D154290502}.Windows|x86.ActiveCfg = Windows|Any CPU
		{2C62C080-F679-4637-B7C2-14D154290502}.Windows|x86.Build.0 = Windows|Any CPU
	EndGlobalSection
	GlobalSection(SolutionProperties) = preSolution
		HideSolutionNode = FALSE
	EndGlobalSection
EndGlobal
